// !$*UTF8*$!
{
	archiveVersion = 1;
	classes = {
	};
	objectVersion = 48;
	objects = {

/* Begin PBXBuildFile section */
		71E5DEAB205B6C380025E1BF /* AppDelegate.swift in Sources */ = {isa = PBXBuildFile; fileRef = 71E5DEAA205B6C380025E1BF /* AppDelegate.swift */; };
		71E5DEAD205B6C380025E1BF /* ViewController.swift in Sources */ = {isa = PBXBuildFile; fileRef = 71E5DEAC205B6C380025E1BF /* ViewController.swift */; };
		71E5DEB0205B6C380025E1BF /* Main.storyboard in Resources */ = {isa = PBXBuildFile; fileRef = 71E5DEAE205B6C380025E1BF /* Main.storyboard */; };
		71E5DEB2205B6C380025E1BF /* Assets.xcassets in Resources */ = {isa = PBXBuildFile; fileRef = 71E5DEB1205B6C380025E1BF /* Assets.xcassets */; };
		71E5DEB5205B6C380025E1BF /* LaunchScreen.storyboard in Resources */ = {isa = PBXBuildFile; fileRef = 71E5DEB3205B6C380025E1BF /* LaunchScreen.storyboard */; };
		71E5DEBE205B6CE10025E1BF /* TableViewCell.swift in Sources */ = {isa = PBXBuildFile; fileRef = 71E5DEBC205B6CE10025E1BF /* TableViewCell.swift */; };
		71E5DEBF205B6CE10025E1BF /* TableViewCell.xib in Resources */ = {isa = PBXBuildFile; fileRef = 71E5DEBD205B6CE10025E1BF /* TableViewCell.xib */; };
		71E5DEC1205B6DEB0025E1BF /* Paragraph.swift in Sources */ = {isa = PBXBuildFile; fileRef = 71E5DEC0205B6DEB0025E1BF /* Paragraph.swift */; };
		71E5DEC3205B82C00025E1BF /* Sheet.swift in Sources */ = {isa = PBXBuildFile; fileRef = 71E5DEC2205B82C00025E1BF /* Sheet.swift */; };
/* End PBXBuildFile section */

/* Begin PBXFileReference section */
		71E5DEA7205B6C380025E1BF /* Longhand.app */ = {isa = PBXFileReference; explicitFileType = wrapper.application; includeInIndex = 0; path = Longhand.app; sourceTree = BUILT_PRODUCTS_DIR; };
		71E5DEAA205B6C380025E1BF /* AppDelegate.swift */ = {isa = PBXFileReference; lastKnownFileType = sourcecode.swift; path = AppDelegate.swift; sourceTree = "<group>"; };
		71E5DEAC205B6C380025E1BF /* ViewController.swift */ = {isa = PBXFileReference; lastKnownFileType = sourcecode.swift; path = ViewController.swift; sourceTree = "<group>"; };
		71E5DEAF205B6C380025E1BF /* Base */ = {isa = PBXFileReference; lastKnownFileType = file.storyboard; name = Base; path = Base.lproj/Main.storyboard; sourceTree = "<group>"; };
		71E5DEB1205B6C380025E1BF /* Assets.xcassets */ = {isa = PBXFileReference; lastKnownFileType = folder.assetcatalog; path = Assets.xcassets; sourceTree = "<group>"; };
		71E5DEB4205B6C380025E1BF /* Base */ = {isa = PBXFileReference; lastKnownFileType = file.storyboard; name = Base; path = Base.lproj/LaunchScreen.storyboard; sourceTree = "<group>"; };
		71E5DEB6205B6C380025E1BF /* Info.plist */ = {isa = PBXFileReference; lastKnownFileType = text.plist.xml; path = Info.plist; sourceTree = "<group>"; };
		71E5DEBC205B6CE10025E1BF /* TableViewCell.swift */ = {isa = PBXFileReference; lastKnownFileType = sourcecode.swift; path = TableViewCell.swift; sourceTree = "<group>"; };
		71E5DEBD205B6CE10025E1BF /* TableViewCell.xib */ = {isa = PBXFileReference; lastKnownFileType = file.xib; path = TableViewCell.xib; sourceTree = "<group>"; };
		71E5DEC0205B6DEB0025E1BF /* Paragraph.swift */ = {isa = PBXFileReference; lastKnownFileType = sourcecode.swift; path = Paragraph.swift; sourceTree = "<group>"; };
		71E5DEC2205B82C00025E1BF /* Sheet.swift */ = {isa = PBXFileReference; lastKnownFileType = sourcecode.swift; path = Sheet.swift; sourceTree = "<group>"; };
/* End PBXFileReference section */

/* Begin PBXFrameworksBuildPhase section */
		71E5DEA4205B6C380025E1BF /* Frameworks */ = {
			isa = PBXFrameworksBuildPhase;
			buildActionMask = 2147483647;
			files = (
			);
			runOnlyForDeploymentPostprocessing = 0;
		};
/* End PBXFrameworksBuildPhase section */

/* Begin PBXGroup section */
		71E5DE9E205B6C380025E1BF = {
			isa = PBXGroup;
			children = (
				71E5DEA9205B6C380025E1BF /* Longhand */,
				71E5DEA8205B6C380025E1BF /* Products */,
			);
			sourceTree = "<group>";
		};
		71E5DEA8205B6C380025E1BF /* Products */ = {
			isa = PBXGroup;
			children = (
				71E5DEA7205B6C380025E1BF /* Longhand.app */,
			);
			name = Products;
			sourceTree = "<group>";
		};
		71E5DEA9205B6C380025E1BF /* Longhand */ = {
			isa = PBXGroup;
			children = (
				71E5DEAA205B6C380025E1BF /* AppDelegate.swift */,
				71E5DEC2205B82C00025E1BF /* Sheet.swift */,
				71E5DEC0205B6DEB0025E1BF /* Paragraph.swift */,
				71E5DEAC205B6C380025E1BF /* ViewController.swift */,
				71E5DEBC205B6CE10025E1BF /* TableViewCell.swift */,
				71E5DEBD205B6CE10025E1BF /* TableViewCell.xib */,
				71E5DEAE205B6C380025E1BF /* Main.storyboard */,
				71E5DEB1205B6C380025E1BF /* Assets.xcassets */,
				71E5DEB3205B6C380025E1BF /* LaunchScreen.storyboard */,
				71E5DEB6205B6C380025E1BF /* Info.plist */,
			);
			path = Longhand;
			sourceTree = "<group>";
		};
/* End PBXGroup section */

/* Begin PBXNativeTarget section */
		71E5DEA6205B6C380025E1BF /* Longhand */ = {
			isa = PBXNativeTarget;
			buildConfigurationList = 71E5DEB9205B6C380025E1BF /* Build configuration list for PBXNativeTarget "Longhand" */;
			buildPhases = (
				71E5DEA3205B6C380025E1BF /* Sources */,
				71E5DEA4205B6C380025E1BF /* Frameworks */,
				71E5DEA5205B6C380025E1BF /* Resources */,
			);
			buildRules = (
			);
			dependencies = (
			);
			name = Longhand;
			productName = Sheet;
			productReference = 71E5DEA7205B6C380025E1BF /* Longhand.app */;
			productType = "com.apple.product-type.application";
		};
/* End PBXNativeTarget section */

/* Begin PBXProject section */
		71E5DE9F205B6C380025E1BF /* Project object */ = {
			isa = PBXProject;
			attributes = {
				LastSwiftUpdateCheck = 0920;
				LastUpgradeCheck = 0920;
				ORGANIZATIONNAME = "Li-Heng Hsu";
				TargetAttributes = {
					71E5DEA6205B6C380025E1BF = {
						CreatedOnToolsVersion = 9.2;
						ProvisioningStyle = Automatic;
					};
				};
			};
			buildConfigurationList = 71E5DEA2205B6C380025E1BF /* Build configuration list for PBXProject "Longhand" */;
			compatibilityVersion = "Xcode 8.0";
			developmentRegion = en;
			hasScannedForEncodings = 0;
			knownRegions = (
				en,
				Base,
			);
			mainGroup = 71E5DE9E205B6C380025E1BF;
			productRefGroup = 71E5DEA8205B6C380025E1BF /* Products */;
			projectDirPath = "";
			projectRoot = "";
			targets = (
				71E5DEA6205B6C380025E1BF /* Longhand */,
			);
		};
/* End PBXProject section */

/* Begin PBXResourcesBuildPhase section */
		71E5DEA5205B6C380025E1BF /* Resources */ = {
			isa = PBXResourcesBuildPhase;
			buildActionMask = 2147483647;
			files = (
				71E5DEB5205B6C380025E1BF /* LaunchScreen.storyboard in Resources */,
				71E5DEBF205B6CE10025E1BF /* TableViewCell.xib in Resources */,
				71E5DEB2205B6C380025E1BF /* Assets.xcassets in Resources */,
				71E5DEB0205B6C380025E1BF /* Main.storyboard in Resources */,
			);
			runOnlyForDeploymentPostprocessing = 0;
		};
/* End PBXResourcesBuildPhase section */

/* Begin PBXSourcesBuildPhase section */
		71E5DEA3205B6C380025E1BF /* Sources */ = {
			isa = PBXSourcesBuildPhase;
			buildActionMask = 2147483647;
			files = (
				71E5DEC3205B82C00025E1BF /* Sheet.swift in Sources */,
				71E5DEC1205B6DEB0025E1BF /* Paragraph.swift in Sources */,
				71E5DEBE205B6CE10025E1BF /* TableViewCell.swift in Sources */,
				71E5DEAD205B6C380025E1BF /* ViewController.swift in Sources */,
				71E5DEAB205B6C380025E1BF /* AppDelegate.swift in Sources */,
			);
			runOnlyForDeploymentPostprocessing = 0;
		};
/* End PBXSourcesBuildPhase section */

/* Begin PBXVariantGroup section */
		71E5DEAE205B6C380025E1BF /* Main.storyboard */ = {
			isa = PBXVariantGroup;
			children = (
				71E5DEAF205B6C380025E1BF /* Base */,
			);
			name = Main.storyboard;
			sourceTree = "<group>";
		};
		71E5DEB3205B6C380025E1BF /* LaunchScreen.storyboard */ = {
			isa = PBXVariantGroup;
			children = (
				71E5DEB4205B6C380025E1BF /* Base */,
			);
			name = LaunchScreen.storyboard;
			sourceTree = "<group>";
		};
/* End PBXVariantGroup section */

/* Begin XCBuildConfiguration section */
		71E5DEB7205B6C380025E1BF /* Debug */ = {
			isa = XCBuildConfiguration;
			buildSettings = {
				ALWAYS_SEARCH_USER_PATHS = NO;
				CLANG_ANALYZER_NONNULL = YES;
				CLANG_ANALYZER_NUMBER_OBJECT_CONVERSION = YES_AGGRESSIVE;
				CLANG_CXX_LANGUAGE_STANDARD = "gnu++14";
				CLANG_CXX_LIBRARY = "libc++";
				CLANG_ENABLE_MODULES = YES;
				CLANG_ENABLE_OBJC_ARC = YES;
				CLANG_WARN_BLOCK_CAPTURE_AUTORELEASING = YES;
				CLANG_WARN_BOOL_CONVERSION = YES;
				CLANG_WARN_COMMA = YES;
				CLANG_WARN_CONSTANT_CONVERSION = YES;
				CLANG_WARN_DIRECT_OBJC_ISA_USAGE = YES_ERROR;
				CLANG_WARN_DOCUMENTATION_COMMENTS = YES;
				CLANG_WARN_EMPTY_BODY = YES;
				CLANG_WARN_ENUM_CONVERSION = YES;
				CLANG_WARN_INFINITE_RECURSION = YES;
				CLANG_WARN_INT_CONVERSION = YES;
				CLANG_WARN_NON_LITERAL_NULL_CONVERSION = YES;
				CLANG_WARN_OBJC_LITERAL_CONVERSION = YES;
				CLANG_WARN_OBJC_ROOT_CLASS = YES_ERROR;
				CLANG_WARN_RANGE_LOOP_ANALYSIS = YES;
				CLANG_WARN_STRICT_PROTOTYPES = YES;
				CLANG_WARN_SUSPICIOUS_MOVE = YES;
				CLANG_WARN_UNGUARDED_AVAILABILITY = YES_AGGRESSIVE;
				CLANG_WARN_UNREACHABLE_CODE = YES;
				CLANG_WARN__DUPLICATE_METHOD_MATCH = YES;
				CODE_SIGN_IDENTITY = "iPhone Developer";
				COPY_PHASE_STRIP = NO;
				DEBUG_INFORMATION_FORMAT = dwarf;
				ENABLE_STRICT_OBJC_MSGSEND = YES;
				ENABLE_TESTABILITY = YES;
				GCC_C_LANGUAGE_STANDARD = gnu11;
				GCC_DYNAMIC_NO_PIC = NO;
				GCC_NO_COMMON_BLOCKS = YES;
				GCC_OPTIMIZATION_LEVEL = 0;
				GCC_PREPROCESSOR_DEFINITIONS = (
					"DEBUG=1",
					"$(inherited)",
				);
				GCC_WARN_64_TO_32_BIT_CONVERSION = YES;
				GCC_WARN_ABOUT_RETURN_TYPE = YES_ERROR;
				GCC_WARN_UNDECLARED_SELECTOR = YES;
				GCC_WARN_UNINITIALIZED_AUTOS = YES_AGGRESSIVE;
				GCC_WARN_UNUSED_FUNCTION = YES;
				GCC_WARN_UNUSED_VARIABLE = YES;
				IPHONEOS_DEPLOYMENT_TARGET = 11.2;
				MTL_ENABLE_DEBUG_INFO = YES;
				ONLY_ACTIVE_ARCH = YES;
				SDKROOT = iphoneos;
				SWIFT_ACTIVE_COMPILATION_CONDITIONS = DEBUG;
				SWIFT_OPTIMIZATION_LEVEL = "-Onone";
			};
			name = Debug;
		};
		71E5DEB8205B6C380025E1BF /* Release */ = {
			isa = XCBuildConfiguration;
			buildSettings = {
				ALWAYS_SEARCH_USER_PATHS = NO;
				CLANG_ANALYZER_NONNULL = YES;
				CLANG_ANALYZER_NUMBER_OBJECT_CONVERSION = YES_AGGRESSIVE;
				CLANG_CXX_LANGUAGE_STANDARD = "gnu++14";
				CLANG_CXX_LIBRARY = "libc++";
				CLANG_ENABLE_MODULES = YES;
				CLANG_ENABLE_OBJC_ARC = YES;
				CLANG_WARN_BLOCK_CAPTURE_AUTORELEASING = YES;
				CLANG_WARN_BOOL_CONVERSION = YES;
				CLANG_WARN_COMMA = YES;
				CLANG_WARN_CONSTANT_CONVERSION = YES;
				CLANG_WARN_DIRECT_OBJC_ISA_USAGE = YES_ERROR;
				CLANG_WARN_DOCUMENTATION_COMMENTS = YES;
				CLANG_WARN_EMPTY_BODY = YES;
				CLANG_WARN_ENUM_CONVERSION = YES;
				CLANG_WARN_INFINITE_RECURSION = YES;
				CLANG_WARN_INT_CONVERSION = YES;
				CLANG_WARN_NON_LITERAL_NULL_CONVERSION = YES;
				CLANG_WARN_OBJC_LITERAL_CONVERSION = YES;
				CLANG_WARN_OBJC_ROOT_CLASS = YES_ERROR;
				CLANG_WARN_RANGE_LOOP_ANALYSIS = YES;
				CLANG_WARN_STRICT_PROTOTYPES = YES;
				CLANG_WARN_SUSPICIOUS_MOVE = YES;
				CLANG_WARN_UNGUARDED_AVAILABILITY = YES_AGGRESSIVE;
				CLANG_WARN_UNREACHABLE_CODE = YES;
				CLANG_WARN__DUPLICATE_METHOD_MATCH = YES;
				CODE_SIGN_IDENTITY = "iPhone Developer";
				COPY_PHASE_STRIP = NO;
				DEBUG_INFORMATION_FORMAT = "dwarf-with-dsym";
				ENABLE_NS_ASSERTIONS = NO;
				ENABLE_STRICT_OBJC_MSGSEND = YES;
				GCC_C_LANGUAGE_STANDARD = gnu11;
				GCC_NO_COMMON_BLOCKS = YES;
				GCC_WARN_64_TO_32_BIT_CONVERSION = YES;
				GCC_WARN_ABOUT_RETURN_TYPE = YES_ERROR;
				GCC_WARN_UNDECLARED_SELECTOR = YES;
				GCC_WARN_UNINITIALIZED_AUTOS = YES_AGGRESSIVE;
				GCC_WARN_UNUSED_FUNCTION = YES;
				GCC_WARN_UNUSED_VARIABLE = YES;
				IPHONEOS_DEPLOYMENT_TARGET = 11.2;
				MTL_ENABLE_DEBUG_INFO = NO;
				SDKROOT = iphoneos;
				SWIFT_OPTIMIZATION_LEVEL = "-Owholemodule";
				VALIDATE_PRODUCT = YES;
			};
			name = Release;
		};
		71E5DEBA205B6C380025E1BF /* Debug */ = {
			isa = XCBuildConfiguration;
			buildSettings = {
				ASSETCATALOG_COMPILER_APPICON_NAME = AppIcon;
				CODE_SIGN_STYLE = Automatic;
				DEVELOPMENT_TEAM = K3ER26RU8S;
				INFOPLIST_FILE = "$(SRCROOT)/Longhand/Info.plist";
				LD_RUNPATH_SEARCH_PATHS = "$(inherited) @executable_path/Frameworks";
				PRODUCT_BUNDLE_IDENTIFIER = com.narrativesaw.Longhand;
				PRODUCT_NAME = "$(TARGET_NAME)";
				SWIFT_VERSION = 4.0;
				TARGETED_DEVICE_FAMILY = "1,2";
			};
			name = Debug;
		};
		71E5DEBB205B6C380025E1BF /* Release */ = {
			isa = XCBuildConfiguration;
			buildSettings = {
				ASSETCATALOG_COMPILER_APPICON_NAME = AppIcon;
				CODE_SIGN_STYLE = Automatic;
				DEVELOPMENT_TEAM = K3ER26RU8S;
				INFOPLIST_FILE = "$(SRCROOT)/Longhand/Info.plist";
				LD_RUNPATH_SEARCH_PATHS = "$(inherited) @executable_path/Frameworks";
				PRODUCT_BUNDLE_IDENTIFIER = com.narrativesaw.Longhand;
				PRODUCT_NAME = "$(TARGET_NAME)";
				SWIFT_VERSION = 4.0;
				TARGETED_DEVICE_FAMILY = "1,2";
			};
			name = Release;
		};
/* End XCBuildConfiguration section */

/* Begin XCConfigurationList section */
		71E5DEA2205B6C380025E1BF /* Build configuration list for PBXProject "Longhand" */ = {
			isa = XCConfigurationList;
			buildConfigurations = (
				71E5DEB7205B6C380025E1BF /* Debug */,
				71E5DEB8205B6C380025E1BF /* Release */,
			);
			defaultConfigurationIsVisible = 0;
			defaultConfigurationName = Release;
		};
		71E5DEB9205B6C380025E1BF /* Build configuration list for PBXNativeTarget "Longhand" */ = {
			isa = XCConfigurationList;
			buildConfigurations = (
				71E5DEBA205B6C380025E1BF /* Debug */,
				71E5DEBB205B6C380025E1BF /* Release */,
			);
			defaultConfigurationIsVisible = 0;
			defaultConfigurationName = Release;
		};
/* End XCConfigurationList section */
	};
	rootObject = 71E5DE9F205B6C380025E1BF /* Project object */;
}
